github.com/neruyzo/etree v0.0.0-20230816192805-4bb6b6c66bb9 h1:Yc7O4rLf5vCul8ns+7ykUTKEKDx9z8yIi+5GwYReObw=
github.com/neruyzo/etree v0.0.0-20230816192805-4bb6b6c66bb9/go.mod h1:7hUaAgCNhmIwcrIolKvs2StY/ho5G7bAGSdvaowcxqw=
github.com/neruyzo/etree v0.0.0-20230816193247-70b7b06b18ad h1:IFwkE74VpR/tnfi4UCZUYK7+pMU0xIbEorgugpFypG0=
github.com/neruyzo/etree v0.0.0-20230816193247-70b7b06b18ad/go.mod h1:7hUaAgCNhmIwcrIolKvs2StY/ho5G7bAGSdvaowcxqw=
